// !$*UTF8*$!
{
	archiveVersion = 1;
	classes = {
	};
	objectVersion = 46;
	objects = {

/* Begin PBXBuildFile section */
		D53BFAF31C6E439D0001C659 /* main.m in Sources */ = {isa = PBXBuildFile; fileRef = D53BFAF21C6E439D0001C659 /* main.m */; };
		D53BFAF61C6E439D0001C659 /* AppDelegate.m in Sources */ = {isa = PBXBuildFile; fileRef = D53BFAF51C6E439D0001C659 /* AppDelegate.m */; };
		D53BFAF91C6E439D0001C659 /* ViewController.m in Sources */ = {isa = PBXBuildFile; fileRef = D53BFAF81C6E439D0001C659 /* ViewController.m */; };
		D53BFAFC1C6E439D0001C659 /* Main.storyboard in Resources */ = {isa = PBXBuildFile; fileRef = D53BFAFA1C6E439D0001C659 /* Main.storyboard */; };
		D53BFAFF1C6E439D0001C659 /* test.xcdatamodeld in Sources */ = {isa = PBXBuildFile; fileRef = D53BFAFD1C6E439D0001C659 /* test.xcdatamodeld */; };
		D53BFB011C6E439D0001C659 /* Assets.xcassets in Resources */ = {isa = PBXBuildFile; fileRef = D53BFB001C6E439D0001C659 /* Assets.xcassets */; };
		D53BFB041C6E439D0001C659 /* LaunchScreen.storyboard in Resources */ = {isa = PBXBuildFile; fileRef = D53BFB021C6E439D0001C659 /* LaunchScreen.storyboard */; };
		D53BFB0F1C6E439D0001C659 /* testTests.m in Sources */ = {isa = PBXBuildFile; fileRef = D53BFB0E1C6E439D0001C659 /* testTests.m */; };
		D53BFB1A1C6E439D0001C659 /* testUITests.m in Sources */ = {isa = PBXBuildFile; fileRef = D53BFB191C6E439D0001C659 /* testUITests.m */; };
/* End PBXBuildFile section */

/* Begin PBXContainerItemProxy section */
		D53BFB0B1C6E439D0001C659 /* PBXContainerItemProxy */ = {
			isa = PBXContainerItemProxy;
			containerPortal = D53BFAE61C6E439D0001C659 /* Project object */;
			proxyType = 1;
			remoteGlobalIDString = D53BFAED1C6E439D0001C659;
			remoteInfo = test;
		};
		D53BFB161C6E439D0001C659 /* PBXContainerItemProxy */ = {
			isa = PBXContainerItemProxy;
			containerPortal = D53BFAE61C6E439D0001C659 /* Project object */;
			proxyType = 1;
			remoteGlobalIDString = D53BFAED1C6E439D0001C659;
			remoteInfo = test;
		};
/* End PBXContainerItemProxy section */

/* Begin PBXFileReference section */
		D53BFAEE1C6E439D0001C659 /* test.app */ = {isa = PBXFileReference; explicitFileType = wrapper.application; includeInIndex = 0; path = test.app; sourceTree = BUILT_PRODUCTS_DIR; };
		D53BFAF21C6E439D0001C659 /* main.m */ = {isa = PBXFileReference; lastKnownFileType = sourcecode.c.objc; path = main.m; sourceTree = "<group>"; };
		D53BFAF41C6E439D0001C659 /* AppDelegate.h */ = {isa = PBXFileReference; lastKnownFileType = sourcecode.c.h; path = AppDelegate.h; sourceTree = "<group>"; };
		D53BFAF51C6E439D0001C659 /* AppDelegate.m */ = {isa = PBXFileReference; lastKnownFileType = sourcecode.c.objc; path = AppDelegate.m; sourceTree = "<group>"; };
		D53BFAF71C6E439D0001C659 /* ViewController.h */ = {isa = PBXFileReference; lastKnownFileType = sourcecode.c.h; path = ViewController.h; sourceTree = "<group>"; };
		D53BFAF81C6E439D0001C659 /* ViewController.m */ = {isa = PBXFileReference; lastKnownFileType = sourcecode.c.objc; path = ViewController.m; sourceTree = "<group>"; };
		D53BFAFB1C6E439D0001C659 /* Base */ = {isa = PBXFileReference; lastKnownFileType = file.storyboard; name = Base; path = Base.lproj/Main.storyboard; sourceTree = "<group>"; };
		D53BFAFE1C6E439D0001C659 /* test.xcdatamodel */ = {isa = PBXFileReference; lastKnownFileType = wrapper.xcdatamodel; path = test.xcdatamodel; sourceTree = "<group>"; };
		D53BFB001C6E439D0001C659 /* Assets.xcassets */ = {isa = PBXFileReference; lastKnownFileType = folder.assetcatalog; path = Assets.xcassets; sourceTree = "<group>"; };
		D53BFB031C6E439D0001C659 /* Base */ = {isa = PBXFileReference; lastKnownFileType = file.storyboard; name = Base; path = Base.lproj/LaunchScreen.storyboard; sourceTree = "<group>"; };
		D53BFB051C6E439D0001C659 /* Info.plist */ = {isa = PBXFileReference; lastKnownFileType = text.plist.xml; path = Info.plist; sourceTree = "<group>"; };
		D53BFB0A1C6E439D0001C659 /* testTests.xctest */ = {isa = PBXFileReference; explicitFileType = wrapper.cfbundle; includeInIndex = 0; path = testTests.xctest; sourceTree = BUILT_PRODUCTS_DIR; };
		D53BFB0E1C6E439D0001C659 /* testTests.m */ = {isa = PBXFileReference; lastKnownFileType = sourcecode.c.objc; path = testTests.m; sourceTree = "<group>"; };
		D53BFB101C6E439D0001C659 /* Info.plist */ = {isa = PBXFileReference; lastKnownFileType = text.plist.xml; path = Info.plist; sourceTree = "<group>"; };
		D53BFB151C6E439D0001C659 /* testUITests.xctest */ = {isa = PBXFileReference; explicitFileType = wrapper.cfbundle; includeInIndex = 0; path = testUITests.xctest; sourceTree = BUILT_PRODUCTS_DIR; };
		D53BFB191C6E439D0001C659 /* testUITests.m */ = {isa = PBXFileReference; lastKnownFileType = sourcecode.c.objc; path = testUITests.m; sourceTree = "<group>"; };
		D53BFB1B1C6E439D0001C659 /* Info.plist */ = {isa = PBXFileReference; lastKnownFileType = text.plist.xml; path = Info.plist; sourceTree = "<group>"; };
/* End PBXFileReference section */

/* Begin PBXFrameworksBuildPhase section */
		D53BFAEB1C6E439D0001C659 /* Frameworks */ = {
			isa = PBXFrameworksBuildPhase;
			buildActionMask = 2147483647;
			files = (
			);
			runOnlyForDeploymentPostprocessing = 0;
		};
		D53BFB071C6E439D0001C659 /* Frameworks */ = {
			isa = PBXFrameworksBuildPhase;
			buildActionMask = 2147483647;
			files = (
			);
			runOnlyForDeploymentPostprocessing = 0;
		};
		D53BFB121C6E439D0001C659 /* Frameworks */ = {
			isa = PBXFrameworksBuildPhase;
			buildActionMask = 2147483647;
			files = (
			);
			runOnlyForDeploymentPostprocessing = 0;
		};
/* End PBXFrameworksBuildPhase section */

/* Begin PBXGroup section */
		D53BFAE51C6E439D0001C659 = {
			isa = PBXGroup;
			children = (
				D53BFAF01C6E439D0001C659 /* test */,
				D53BFB0D1C6E439D0001C659 /* testTests */,
				D53BFB181C6E439D0001C659 /* testUITests */,
				D53BFAEF1C6E439D0001C659 /* Products */,
			);
			sourceTree = "<group>";
		};
		D53BFAEF1C6E439D0001C659 /* Products */ = {
			isa = PBXGroup;
			children = (
				D53BFAEE1C6E439D0001C659 /* test.app */,
				D53BFB0A1C6E439D0001C659 /* testTests.xctest */,
				D53BFB151C6E439D0001C659 /* testUITests.xctest */,
			);
			name = Products;
			sourceTree = "<group>";
		};
		D53BFAF01C6E439D0001C659 /* test */ = {
			isa = PBXGroup;
			children = (
				D53BFAF41C6E439D0001C659 /* AppDelegate.h */,
				D53BFAF51C6E439D0001C659 /* AppDelegate.m */,
				D53BFAF71C6E439D0001C659 /* ViewController.h */,
				D53BFAF81C6E439D0001C659 /* ViewController.m */,
				D53BFAFA1C6E439D0001C659 /* Main.storyboard */,
				D53BFB001C6E439D0001C659 /* Assets.xcassets */,
				D53BFB021C6E439D0001C659 /* LaunchScreen.storyboard */,
				D53BFB051C6E439D0001C659 /* Info.plist */,
				D53BFAFD1C6E439D0001C659 /* test.xcdatamodeld */,
				D53BFAF11C6E439D0001C659 /* Supporting Files */,
			);
			path = test;
			sourceTree = "<group>";
		};
		D53BFAF11C6E439D0001C659 /* Supporting Files */ = {
			isa = PBXGroup;
			children = (
				D53BFAF21C6E439D0001C659 /* main.m */,
			);
			name = "Supporting Files";
			sourceTree = "<group>";
		};
		D53BFB0D1C6E439D0001C659 /* testTests */ = {
			isa = PBXGroup;
			children = (
				D53BFB0E1C6E439D0001C659 /* testTests.m */,
				D53BFB101C6E439D0001C659 /* Info.plist */,
			);
			path = testTests;
			sourceTree = "<group>";
		};
		D53BFB181C6E439D0001C659 /* testUITests */ = {
			isa = PBXGroup;
			children = (
				D53BFB191C6E439D0001C659 /* testUITests.m */,
				D53BFB1B1C6E439D0001C659 /* Info.plist */,
			);
			path = testUITests;
			sourceTree = "<group>";
		};
/* End PBXGroup section */

/* Begin PBXNativeTarget section */
		D53BFAED1C6E439D0001C659 /* test */ = {
			isa = PBXNativeTarget;
			buildConfigurationList = D53BFB1E1C6E439D0001C659 /* Build configuration list for PBXNativeTarget "test" */;
			buildPhases = (
				D53BFAEA1C6E439D0001C659 /* Sources */,
				D53BFAEB1C6E439D0001C659 /* Frameworks */,
				D53BFAEC1C6E439D0001C659 /* Resources */,
			);
			buildRules = (
			);
			dependencies = (
			);
			name = test;
			productName = test;
			productReference = D53BFAEE1C6E439D0001C659 /* test.app */;
			productType = "com.apple.product-type.application";
		};
		D53BFB091C6E439D0001C659 /* testTests */ = {
			isa = PBXNativeTarget;
			buildConfigurationList = D53BFB211C6E439D0001C659 /* Build configuration list for PBXNativeTarget "testTests" */;
			buildPhases = (
				D53BFB061C6E439D0001C659 /* Sources */,
				D53BFB071C6E439D0001C659 /* Frameworks */,
				D53BFB081C6E439D0001C659 /* Resources */,
			);
			buildRules = (
			);
			dependencies = (
				D53BFB0C1C6E439D0001C659 /* PBXTargetDependency */,
			);
			name = testTests;
			productName = testTests;
			productReference = D53BFB0A1C6E439D0001C659 /* testTests.xctest */;
			productType = "com.apple.product-type.bundle.unit-test";
		};
		D53BFB141C6E439D0001C659 /* testUITests */ = {
			isa = PBXNativeTarget;
			buildConfigurationList = D53BFB241C6E439D0001C659 /* Build configuration list for PBXNativeTarget "testUITests" */;
			buildPhases = (
				D53BFB111C6E439D0001C659 /* Sources */,
				D53BFB121C6E439D0001C659 /* Frameworks */,
				D53BFB131C6E439D0001C659 /* Resources */,
			);
			buildRules = (
			);
			dependencies = (
				D53BFB171C6E439D0001C659 /* PBXTargetDependency */,
			);
			name = testUITests;
			productName = testUITests;
			productReference = D53BFB151C6E439D0001C659 /* testUITests.xctest */;
			productType = "com.apple.product-type.bundle.ui-testing";
		};
/* End PBXNativeTarget section */

/* Begin PBXProject section */
		D53BFAE61C6E439D0001C659 /* Project object */ = {
			isa = PBXProject;
			attributes = {
				LastUpgradeCheck = 0720;
				ORGANIZATIONNAME = Vinnuz;
				TargetAttributes = {
					D53BFAED1C6E439D0001C659 = {
						CreatedOnToolsVersion = 7.2.1;
						DevelopmentTeam = 6K27NMLYU7;
					};
					D53BFB091C6E439D0001C659 = {
						CreatedOnToolsVersion = 7.2.1;
						DevelopmentTeam = 6K27NMLYU7;
						TestTargetID = D53BFAED1C6E439D0001C659;
					};
					D53BFB141C6E439D0001C659 = {
						CreatedOnToolsVersion = 7.2.1;
						DevelopmentTeam = 6K27NMLYU7;
						TestTargetID = D53BFAED1C6E439D0001C659;
					};
				};
			};
			buildConfigurationList = D53BFAE91C6E439D0001C659 /* Build configuration list for PBXProject "test" */;
			compatibilityVersion = "Xcode 3.2";
			developmentRegion = English;
			hasScannedForEncodings = 0;
			knownRegions = (
				en,
				Base,
			);
			mainGroup = D53BFAE51C6E439D0001C659;
			productRefGroup = D53BFAEF1C6E439D0001C659 /* Products */;
			projectDirPath = "";
			projectRoot = "";
			targets = (
				D53BFAED1C6E439D0001C659 /* test */,
				D53BFB091C6E439D0001C659 /* testTests */,
				D53BFB141C6E439D0001C659 /* testUITests */,
			);
		};
/* End PBXProject section */

/* Begin PBXResourcesBuildPhase section */
		D53BFAEC1C6E439D0001C659 /* Resources */ = {
			isa = PBXResourcesBuildPhase;
			buildActionMask = 2147483647;
			files = (
				D53BFB041C6E439D0001C659 /* LaunchScreen.storyboard in Resources */,
				D53BFB011C6E439D0001C659 /* Assets.xcassets in Resources */,
				D53BFAFC1C6E439D0001C659 /* Main.storyboard in Resources */,
			);
			runOnlyForDeploymentPostprocessing = 0;
		};
		D53BFB081C6E439D0001C659 /* Resources */ = {
			isa = PBXResourcesBuildPhase;
			buildActionMask = 2147483647;
			files = (
			);
			runOnlyForDeploymentPostprocessing = 0;
		};
		D53BFB131C6E439D0001C659 /* Resources */ = {
			isa = PBXResourcesBuildPhase;
			buildActionMask = 2147483647;
			files = (
			);
			runOnlyForDeploymentPostprocessing = 0;
		};
/* End PBXResourcesBuildPhase section */

/* Begin PBXSourcesBuildPhase section */
		D53BFAEA1C6E439D0001C659 /* Sources */ = {
			isa = PBXSourcesBuildPhase;
			buildActionMask = 2147483647;
			files = (
				D53BFAF91C6E439D0001C659 /* ViewController.m in Sources */,
				D53BFAFF1C6E439D0001C659 /* test.xcdatamodeld in Sources */,
				D53BFAF61C6E439D0001C659 /* AppDelegate.m in Sources */,
				D53BFAF31C6E439D0001C659 /* main.m in Sources */,
			);
			runOnlyForDeploymentPostprocessing = 0;
		};
		D53BFB061C6E439D0001C659 /* Sources */ = {
			isa = PBXSourcesBuildPhase;
			buildActionMask = 2147483647;
			files = (
				D53BFB0F1C6E439D0001C659 /* testTests.m in Sources */,
			);
			runOnlyForDeploymentPostprocessing = 0;
		};
		D53BFB111C6E439D0001C659 /* Sources */ = {
			isa = PBXSourcesBuildPhase;
			buildActionMask = 2147483647;
			files = (
				D53BFB1A1C6E439D0001C659 /* testUITests.m in Sources */,
			);
			runOnlyForDeploymentPostprocessing = 0;
		};
/* End PBXSourcesBuildPhase section */

/* Begin PBXTargetDependency section */
		D53BFB0C1C6E439D0001C659 /* PBXTargetDependency */ = {
			isa = PBXTargetDependency;
			target = D53BFAED1C6E439D0001C659 /* test */;
			targetProxy = D53BFB0B1C6E439D0001C659 /* PBXContainerItemProxy */;
		};
		D53BFB171C6E439D0001C659 /* PBXTargetDependency */ = {
			isa = PBXTargetDependency;
			target = D53BFAED1C6E439D0001C659 /* test */;
			targetProxy = D53BFB161C6E439D0001C659 /* PBXContainerItemProxy */;
		};
/* End PBXTargetDependency section */

/* Begin PBXVariantGroup section */
		D53BFAFA1C6E439D0001C659 /* Main.storyboard */ = {
			isa = PBXVariantGroup;
			children = (
				D53BFAFB1C6E439D0001C659 /* Base */,
			);
			name = Main.storyboard;
			sourceTree = "<group>";
		};
		D53BFB021C6E439D0001C659 /* LaunchScreen.storyboard */ = {
			isa = PBXVariantGroup;
			children = (
				D53BFB031C6E439D0001C659 /* Base */,
			);
			name = LaunchScreen.storyboard;
			sourceTree = "<group>";
		};
/* End PBXVariantGroup section */

/* Begin XCBuildConfiguration section */
		D53BFB1C1C6E439D0001C659 /* Debug */ = {
			isa = XCBuildConfiguration;
			buildSettings = {
				ALWAYS_SEARCH_USER_PATHS = NO;
				CLANG_CXX_LANGUAGE_STANDARD = "gnu++0x";
				CLANG_CXX_LIBRARY = "libc++";
				CLANG_ENABLE_MODULES = YES;
				CLANG_ENABLE_OBJC_ARC = YES;
				CLANG_WARN_BOOL_CONVERSION = YES;
				CLANG_WARN_CONSTANT_CONVERSION = YES;
				CLANG_WARN_DIRECT_OBJC_ISA_USAGE = YES_ERROR;
				CLANG_WARN_EMPTY_BODY = YES;
				CLANG_WARN_ENUM_CONVERSION = YES;
				CLANG_WARN_INT_CONVERSION = YES;
				CLANG_WARN_OBJC_ROOT_CLASS = YES_ERROR;
				CLANG_WARN_UNREACHABLE_CODE = YES;
				CLANG_WARN__DUPLICATE_METHOD_MATCH = YES;
				"CODE_SIGN_IDENTITY[sdk=iphoneos*]" = "iPhone Developer";
				COPY_PHASE_STRIP = NO;
				DEBUG_INFORMATION_FORMAT = dwarf;
				ENABLE_STRICT_OBJC_MSGSEND = YES;
				ENABLE_TESTABILITY = YES;
				GCC_C_LANGUAGE_STANDARD = gnu99;
				GCC_DYNAMIC_NO_PIC = NO;
				GCC_NO_COMMON_BLOCKS = YES;
				GCC_OPTIMIZATION_LEVEL = 0;
				GCC_PREPROCESSOR_DEFINITIONS = (
					"DEBUG=1",
					"$(inherited)",
				);
				GCC_WARN_64_TO_32_BIT_CONVERSION = YES;
				GCC_WARN_ABOUT_RETURN_TYPE = YES_ERROR;
				GCC_WARN_UNDECLARED_SELECTOR = YES;
				GCC_WARN_UNINITIALIZED_AUTOS = YES_AGGRESSIVE;
				GCC_WARN_UNUSED_FUNCTION = YES;
				GCC_WARN_UNUSED_VARIABLE = YES;
				IPHONEOS_DEPLOYMENT_TARGET = 9.2;
				MTL_ENABLE_DEBUG_INFO = YES;
				ONLY_ACTIVE_ARCH = YES;
				SDKROOT = iphoneos;
			};
			name = Debug;
		};
		D53BFB1D1C6E439D0001C659 /* Release */ = {
			isa = XCBuildConfiguration;
			buildSettings = {
				ALWAYS_SEARCH_USER_PATHS = NO;
				CLANG_CXX_LANGUAGE_STANDARD = "gnu++0x";
				CLANG_CXX_LIBRARY = "libc++";
				CLANG_ENABLE_MODULES = YES;
				CLANG_ENABLE_OBJC_ARC = YES;
				CLANG_WARN_BOOL_CONVERSION = YES;
				CLANG_WARN_CONSTANT_CONVERSION = YES;
				CLANG_WARN_DIRECT_OBJC_ISA_USAGE = YES_ERROR;
				CLANG_WARN_EMPTY_BODY = YES;
				CLANG_WARN_ENUM_CONVERSION = YES;
				CLANG_WARN_INT_CONVERSION = YES;
				CLANG_WARN_OBJC_ROOT_CLASS = YES_ERROR;
				CLANG_WARN_UNREACHABLE_CODE = YES;
				CLANG_WARN__DUPLICATE_METHOD_MATCH = YES;
				"CODE_SIGN_IDENTITY[sdk=iphoneos*]" = "iPhone Developer";
				COPY_PHASE_STRIP = NO;
				DEBUG_INFORMATION_FORMAT = "dwarf-with-dsym";
				ENABLE_NS_ASSERTIONS = NO;
				ENABLE_STRICT_OBJC_MSGSEND = YES;
				GCC_C_LANGUAGE_STANDARD = gnu99;
				GCC_NO_COMMON_BLOCKS = YES;
				GCC_WARN_64_TO_32_BIT_CONVERSION = YES;
				GCC_WARN_ABOUT_RETURN_TYPE = YES_ERROR;
				GCC_WARN_UNDECLARED_SELECTOR = YES;
				GCC_WARN_UNINITIALIZED_AUTOS = YES_AGGRESSIVE;
				GCC_WARN_UNUSED_FUNCTION = YES;
				GCC_WARN_UNUSED_VARIABLE = YES;
				IPHONEOS_DEPLOYMENT_TARGET = 9.2;
				MTL_ENABLE_DEBUG_INFO = NO;
				SDKROOT = iphoneos;
				VALIDATE_PRODUCT = YES;
			};
			name = Release;
		};
		D53BFB1F1C6E439D0001C659 /* Debug */ = {
			isa = XCBuildConfiguration;
			buildSettings = {
				ASSETCATALOG_COMPILER_APPICON_NAME = AppIcon;
				INFOPLIST_FILE = test/Info.plist;
				LD_RUNPATH_SEARCH_PATHS = "$(inherited) @executable_path/Frameworks";
				PRODUCT_BUNDLE_IDENTIFIER = com.test;
				PRODUCT_NAME = "$(TARGET_NAME)";
			};
			name = Debug;
		};
		D53BFB201C6E439D0001C659 /* Release */ = {
			isa = XCBuildConfiguration;
			buildSettings = {
				ASSETCATALOG_COMPILER_APPICON_NAME = AppIcon;
				INFOPLIST_FILE = test/Info.plist;
				LD_RUNPATH_SEARCH_PATHS = "$(inherited) @executable_path/Frameworks";
				PRODUCT_BUNDLE_IDENTIFIER = com.test;
				PRODUCT_NAME = "$(TARGET_NAME)";
			};
			name = Release;
		};
		D53BFB221C6E439D0001C659 /* Debug */ = {
			isa = XCBuildConfiguration;
			buildSettings = {
				BUNDLE_LOADER = "$(TEST_HOST)";
				INFOPLIST_FILE = testTests/Info.plist;
				LD_RUNPATH_SEARCH_PATHS = "$(inherited) @executable_path/Frameworks @loader_path/Frameworks";
				PRODUCT_BUNDLE_IDENTIFIER = com.testTests;
				PRODUCT_NAME = "$(TARGET_NAME)";
				TEST_HOST = "$(BUILT_PRODUCTS_DIR)/test.app/test";
			};
			name = Debug;
		};
		D53BFB231C6E439D0001C659 /* Release */ = {
			isa = XCBuildConfiguration;
			buildSettings = {
				BUNDLE_LOADER = "$(TEST_HOST)";
				INFOPLIST_FILE = testTests/Info.plist;
				LD_RUNPATH_SEARCH_PATHS = "$(inherited) @executable_path/Frameworks @loader_path/Frameworks";
				PRODUCT_BUNDLE_IDENTIFIER = com.testTests;
				PRODUCT_NAME = "$(TARGET_NAME)";
				TEST_HOST = "$(BUILT_PRODUCTS_DIR)/test.app/test";
			};
			name = Release;
		};
		D53BFB251C6E439D0001C659 /* Debug */ = {
			isa = XCBuildConfiguration;
			buildSettings = {
				INFOPLIST_FILE = testUITests/Info.plist;
				LD_RUNPATH_SEARCH_PATHS = "$(inherited) @executable_path/Frameworks @loader_path/Frameworks";
				PRODUCT_BUNDLE_IDENTIFIER = com.testUITests;
				PRODUCT_NAME = "$(TARGET_NAME)";
				TEST_TARGET_NAME = test;
				USES_XCTRUNNER = YES;
			};
			name = Debug;
		};
		D53BFB261C6E439D0001C659 /* Release */ = {
			isa = XCBuildConfiguration;
			buildSettings = {
				INFOPLIST_FILE = testUITests/Info.plist;
				LD_RUNPATH_SEARCH_PATHS = "$(inherited) @executable_path/Frameworks @loader_path/Frameworks";
				PRODUCT_BUNDLE_IDENTIFIER = com.testUITests;
				PRODUCT_NAME = "$(TARGET_NAME)";
				TEST_TARGET_NAME = test;
				USES_XCTRUNNER = YES;
			};
			name = Release;
		};
/* End XCBuildConfiguration section */

/* Begin XCConfigurationList section */
		D53BFAE91C6E439D0001C659 /* Build configuration list for PBXProject "test" */ = {
			isa = XCConfigurationList;
			buildConfigurations = (
				D53BFB1C1C6E439D0001C659 /* Debug */,
				D53BFB1D1C6E439D0001C659 /* Release */,
			);
			defaultConfigurationIsVisible = 0;
			defaultConfigurationName = Release;
		};
		D53BFB1E1C6E439D0001C659 /* Build configuration list for PBXNativeTarget "test" */ = {
			isa = XCConfigurationList;
			buildConfigurations = (
				D53BFB1F1C6E439D0001C659 /* Debug */,
				D53BFB201C6E439D0001C659 /* Release */,
			);
			defaultConfigurationIsVisible = 0;
		};
		D53BFB211C6E439D0001C659 /* Build configuration list for PBXNativeTarget "testTests" */ = {
			isa = XCConfigurationList;
			buildConfigurations = (
				D53BFB221C6E439D0001C659 /* Debug */,
				D53BFB231C6E439D0001C659 /* Release */,
			);
			defaultConfigurationIsVisible = 0;
		};
		D53BFB241C6E439D0001C659 /* Build configuration list for PBXNativeTarget "testUITests" */ = {
			isa = XCConfigurationList;
			buildConfigurations = (
				D53BFB251C6E439D0001C659 /* Debug */,
				D53BFB261C6E439D0001C659 /* Release */,
			);
			defaultConfigurationIsVisible = 0;
		};
/* End XCConfigurationList section */

/* Begin XCVersionGroup section */
		D53BFAFD1C6E439D0001C659 /* test.xcdatamodeld */ = {
			isa = XCVersionGroup;
			children = (
				D53BFAFE1C6E439D0001C659 /* test.xcdatamodel */,
			);
			currentVersion = D53BFAFE1C6E439D0001C659 /* test.xcdatamodel */;
			path = test.xcdatamodeld;
			sourceTree = "<group>";
			versionGroupType = wrapper.xcdatamodel;
		};
/* End XCVersionGroup section */
	};
	rootObject = D53BFAE61C6E439D0001C659 /* Project object */;
}
